{
  "name": "lunar-javascript",
  "version": "1.0.0",
  "lockfileVersion": 3,
  "requires": true,
  "packages": {
    "": {
      "name": "lunar-javascript",
      "version": "1.0.0",
      "license": "ISC",
      "dependencies": {
        "lunar-javascript": "^1.6.12"
      }
    },
    "node_modules/lunar-javascript": {
      "version": "1.6.12",
      "resolved": "https://mirrors.huaweicloud.com/repository/npm/lunar-javascript/-/lunar-javascript-1.6.12.tgz",
      "integrity": "sha512-8BIYt50up4B2ihh0O1MCUh7+y6hDiDRIPp0ubP8KKaA7cIgAi4jD3QvM9OdZj0QNhSvopZPKipLt2Eb9+cLhxw=="
    }
  }
}
